
Microsoft Visual Studio Solution File, Format Version 12.00
# Visual Studio Version 17
VisualStudioVersion = 17.9.34607.119
MinimumVisualStudioVersion = 10.0.40219.1
Project("{9A19103F-16F7-4668-BE54-9A1E7A4F7556}") = "RealState", "RealState\RealState.csproj", "{24635107-F2CA-499A-98C6-707B106CBE49}"
EndProject
Project("{2150E333-8FDC-42A3-9474-1A3956D46DE8}") = "Source", "Source", "{216175D4-93D4-4C8F-8A2B-06BA158D7E50}"
EndProject
Project("{2150E333-8FDC-42A3-9474-1A3956D46DE8}") = "Core", "Core", "{EFFC4C8C-7995-4106-B173-4F793B8C42F4}"
EndProject
Project("{2150E333-8FDC-42A3-9474-1A3956D46DE8}") = "Infrastructure", "Infrastructure", "{020F9BA1-CA42-4F9B-B415-1A8DB091A4CB}"
EndProject
Project("{2150E333-8FDC-42A3-9474-1A3956D46DE8}") = "Presentation", "Presentation", "{E15D0DA7-F741-4F26-A0B1-37F02F23C7DE}"
EndProject
Project("{2150E333-8FDC-42A3-9474-1A3956D46DE8}") = "WebApp", "WebApp", "{6B9A0394-8B89-4508-8BAC-56A1C45E7F86}"
EndProject
Project("{2150E333-8FDC-42A3-9474-1A3956D46DE8}") = "WebApi", "WebApi", "{B91C28E0-99BA-4A08-9F4E-89388ECD99E7}"
EndProject
Project("{9A19103F-16F7-4668-BE54-9A1E7A4F7556}") = "RealState.Core.Domain", "RealState.Core.Domain\RealState.Core.Domain.csproj", "{81295D6B-C55D-4777-9729-A0382AB8A7F9}"
EndProject
Project("{9A19103F-16F7-4668-BE54-9A1E7A4F7556}") = "RealState.Core.Application", "RealState.Core.Application\RealState.Core.Application.csproj", "{EA623438-8F7B-4FD0-A0F0-4FFB8A68BCD1}"
EndProject
Project("{9A19103F-16F7-4668-BE54-9A1E7A4F7556}") = "RealState.Infrastructure.Identity", "RealState.Infrastructure.Identity\RealState.Infrastructure.Identity.csproj", "{20EDCED3-F0F1-4DF4-A239-30ADCE27E7D0}"
EndProject
Project("{9A19103F-16F7-4668-BE54-9A1E7A4F7556}") = "RealState.Infrastructure.Persistence", "RealState.Infrastructure.Persistence\RealState.Infrastructure.Persistence.csproj", "{34BEA0A5-349B-4305-8DDE-DAEBE051C25B}"
EndProject
Project("{9A19103F-16F7-4668-BE54-9A1E7A4F7556}") = "RealState.Infrastructure.Shared", "RealState.Infrastructure.Shared\RealState.Infrastructure.Shared.csproj", "{CE74236F-E917-478A-B822-82186DD45B94}"
EndProject
Project("{FAE04EC0-301F-11D3-BF4B-00C04F79EFBC}") = "RealState.Api", "RealState.Api\RealState.Api.csproj", "{E1B5C934-7DA0-4BBC-84A9-0799609A6FAC}"
EndProject
Global
	GlobalSection(SolutionConfigurationPlatforms) = preSolution
		Debug|Any CPU = Debug|Any CPU
		Release|Any CPU = Release|Any CPU
	EndGlobalSection
	GlobalSection(ProjectConfigurationPlatforms) = postSolution
		{24635107-F2CA-499A-98C6-707B106CBE49}.Debug|Any CPU.ActiveCfg = Debug|Any CPU
		{24635107-F2CA-499A-98C6-707B106CBE49}.Debug|Any CPU.Build.0 = Debug|Any CPU
		{24635107-F2CA-499A-98C6-707B106CBE49}.Release|Any CPU.ActiveCfg = Release|Any CPU
		{24635107-F2CA-499A-98C6-707B106CBE49}.Release|Any CPU.Build.0 = Release|Any CPU
		{81295D6B-C55D-4777-9729-A0382AB8A7F9}.Debug|Any CPU.ActiveCfg = Debug|Any CPU
		{81295D6B-C55D-4777-9729-A0382AB8A7F9}.Debug|Any CPU.Build.0 = Debug|Any CPU
		{81295D6B-C55D-4777-9729-A0382AB8A7F9}.Release|Any CPU.ActiveCfg = Release|Any CPU
		{81295D6B-C55D-4777-9729-A0382AB8A7F9}.Release|Any CPU.Build.0 = Release|Any CPU
		{EA623438-8F7B-4FD0-A0F0-4FFB8A68BCD1}.Debug|Any CPU.ActiveCfg = Debug|Any CPU
		{EA623438-8F7B-4FD0-A0F0-4FFB8A68BCD1}.Debug|Any CPU.Build.0 = Debug|Any CPU
		{EA623438-8F7B-4FD0-A0F0-4FFB8A68BCD1}.Release|Any CPU.ActiveCfg = Release|Any CPU
		{EA623438-8F7B-4FD0-A0F0-4FFB8A68BCD1}.Release|Any CPU.Build.0 = Release|Any CPU
		{20EDCED3-F0F1-4DF4-A239-30ADCE27E7D0}.Debug|Any CPU.ActiveCfg = Debug|Any CPU
		{20EDCED3-F0F1-4DF4-A239-30ADCE27E7D0}.Debug|Any CPU.Build.0 = Debug|Any CPU
		{20EDCED3-F0F1-4DF4-A239-30ADCE27E7D0}.Release|Any CPU.ActiveCfg = Release|Any CPU
		{20EDCED3-F0F1-4DF4-A239-30ADCE27E7D0}.Release|Any CPU.Build.0 = Release|Any CPU
		{34BEA0A5-349B-4305-8DDE-DAEBE051C25B}.Debug|Any CPU.ActiveCfg = Debug|Any CPU
		{34BEA0A5-349B-4305-8DDE-DAEBE051C25B}.Debug|Any CPU.Build.0 = Debug|Any CPU
		{34BEA0A5-349B-4305-8DDE-DAEBE051C25B}.Release|Any CPU.ActiveCfg = Release|Any CPU
		{34BEA0A5-349B-4305-8DDE-DAEBE051C25B}.Release|Any CPU.Build.0 = Release|Any CPU
		{CE74236F-E917-478A-B822-82186DD45B94}.Debug|Any CPU.ActiveCfg = Debug|Any CPU
		{CE74236F-E917-478A-B822-82186DD45B94}.Debug|Any CPU.Build.0 = Debug|Any CPU
		{CE74236F-E917-478A-B822-82186DD45B94}.Release|Any CPU.ActiveCfg = Release|Any CPU
		{CE74236F-E917-478A-B822-82186DD45B94}.Release|Any CPU.Build.0 = Release|Any CPU
		{E1B5C934-7DA0-4BBC-84A9-0799609A6FAC}.Debug|Any CPU.ActiveCfg = Debug|Any CPU
		{E1B5C934-7DA0-4BBC-84A9-0799609A6FAC}.Debug|Any CPU.Build.0 = Debug|Any CPU
		{E1B5C934-7DA0-4BBC-84A9-0799609A6FAC}.Release|Any CPU.ActiveCfg = Release|Any CPU
		{E1B5C934-7DA0-4BBC-84A9-0799609A6FAC}.Release|Any CPU.Build.0 = Release|Any CPU
	EndGlobalSection
	GlobalSection(SolutionProperties) = preSolution
		HideSolutionNode = FALSE
	EndGlobalSection
	GlobalSection(NestedProjects) = preSolution
		{24635107-F2CA-499A-98C6-707B106CBE49} = {6B9A0394-8B89-4508-8BAC-56A1C45E7F86}
		{EFFC4C8C-7995-4106-B173-4F793B8C42F4} = {216175D4-93D4-4C8F-8A2B-06BA158D7E50}
		{020F9BA1-CA42-4F9B-B415-1A8DB091A4CB} = {216175D4-93D4-4C8F-8A2B-06BA158D7E50}
		{E15D0DA7-F741-4F26-A0B1-37F02F23C7DE} = {216175D4-93D4-4C8F-8A2B-06BA158D7E50}
		{6B9A0394-8B89-4508-8BAC-56A1C45E7F86} = {E15D0DA7-F741-4F26-A0B1-37F02F23C7DE}
		{B91C28E0-99BA-4A08-9F4E-89388ECD99E7} = {E15D0DA7-F741-4F26-A0B1-37F02F23C7DE}
		{81295D6B-C55D-4777-9729-A0382AB8A7F9} = {EFFC4C8C-7995-4106-B173-4F793B8C42F4}
		{EA623438-8F7B-4FD0-A0F0-4FFB8A68BCD1} = {EFFC4C8C-7995-4106-B173-4F793B8C42F4}
		{20EDCED3-F0F1-4DF4-A239-30ADCE27E7D0} = {020F9BA1-CA42-4F9B-B415-1A8DB091A4CB}
		{34BEA0A5-349B-4305-8DDE-DAEBE051C25B} = {020F9BA1-CA42-4F9B-B415-1A8DB091A4CB}
		{CE74236F-E917-478A-B822-82186DD45B94} = {020F9BA1-CA42-4F9B-B415-1A8DB091A4CB}
		{E1B5C934-7DA0-4BBC-84A9-0799609A6FAC} = {B91C28E0-99BA-4A08-9F4E-89388ECD99E7}
	EndGlobalSection
	GlobalSection(ExtensibilityGlobals) = postSolution
		SolutionGuid = {98A61D63-34F8-4EA6-86BC-67101B139F73}
	EndGlobalSection
EndGlobal
